
Microsoft Visual Studio Solution File, Format Version 12.00
# Visual Studio Version 16
VisualStudioVersion = 16.0.31515.178
MinimumVisualStudioVersion = 10.0.40219.1
Project("{FAE04EC0-301F-11D3-BF4B-00C04F79EFBC}") = "CircodeApp3", "CircodeApp3.csproj", "{0A1AD6D1-D6BA-4257-BC29-691D55641B9F}"
EndProject
Global
	GlobalSection(SolutionConfigurationPlatforms) = preSolution
		Debug|Any CPU = Debug|Any CPU
		Release|Any CPU = Release|Any CPU
	EndGlobalSection
	GlobalSection(ProjectConfigurationPlatforms) = postSolution
		{0A1AD6D1-D6BA-4257-BC29-691D55641B9F}.Debug|Any CPU.ActiveCfg = Debug|Any CPU
		{0A1AD6D1-D6BA-4257-BC29-691D55641B9F}.Debug|Any CPU.Build.0 = Debug|Any CPU
		{0A1AD6D1-D6BA-4257-BC29-691D55641B9F}.Release|Any CPU.ActiveCfg = Release|Any CPU
		{0A1AD6D1-D6BA-4257-BC29-691D55641B9F}.Release|Any CPU.Build.0 = Release|Any CPU
	EndGlobalSection
	GlobalSection(SolutionProperties) = preSolution
		HideSolutionNode = FALSE
	EndGlobalSection
	GlobalSection(ExtensibilityGlobals) = postSolution
		SolutionGuid = {ED57A377-2ECA-46F3-9206-82ABF4FA6946}
	EndGlobalSection
EndGlobal
